// !$*UTF8*$!
{
	archiveVersion = 1;
	classes = {
	};
	objectVersion = 56;
	objects = {

/* Begin PBXBuildFile section */
		0769FC4B2BF882B900AF4E85 /* AwardDetailView.swift in Sources */ = {isa = PBXBuildFile; fileRef = 0769FC4A2BF882B900AF4E85 /* AwardDetailView.swift */; };
		07F5F6342BF9C8F4008A184B /* BoastDetailView.swift in Sources */ = {isa = PBXBuildFile; fileRef = 07F5F6332BF9C8F4008A184B /* BoastDetailView.swift */; };
		07F5F6362BF9E29B008A184B /* BoastAddView.swift in Sources */ = {isa = PBXBuildFile; fileRef = 07F5F6352BF9E29B008A184B /* BoastAddView.swift */; };
		080072392BF6E7E3007B2956 /* Assets.xcassets in Resources */ = {isa = PBXBuildFile; fileRef = 080072382BF6E7E3007B2956 /* Assets.xcassets */; };
		0800723C2BF6E7E3007B2956 /* Preview Assets.xcassets in Resources */ = {isa = PBXBuildFile; fileRef = 0800723B2BF6E7E3007B2956 /* Preview Assets.xcassets */; };
		0813883C2BFB93E500B78F3C /* BoastCardView.swift in Sources */ = {isa = PBXBuildFile; fileRef = 0813883B2BFB93E500B78F3C /* BoastCardView.swift */; };
		08CDC94C2BFE4ECA0036CA5B /* User.swift in Sources */ = {isa = PBXBuildFile; fileRef = 08CDC94B2BFE4ECA0036CA5B /* User.swift */; };
		08DBEF1A2BF86BD7007834A3 /* Boast.swift in Sources */ = {isa = PBXBuildFile; fileRef = 08DBEF192BF86BD7007834A3 /* Boast.swift */; };
		08DBEF1C2BF86CF1007834A3 /* Award.swift in Sources */ = {isa = PBXBuildFile; fileRef = 08DBEF1B2BF86CF1007834A3 /* Award.swift */; };
		08DBEF1E2BF87781007834A3 /* Constants.swift in Sources */ = {isa = PBXBuildFile; fileRef = 08DBEF1D2BF87781007834A3 /* Constants.swift */; };
		08DBEF222BF893B9007834A3 /* Color.swift in Sources */ = {isa = PBXBuildFile; fileRef = 08DBEF212BF893B9007834A3 /* Color.swift */; };
		08DBEF272BF8D102007834A3 /* CardFlipView.swift in Sources */ = {isa = PBXBuildFile; fileRef = 08DBEF262BF8D102007834A3 /* CardFlipView.swift */; };
		1F5B49352BFCD42D00609C7F /* ImageList.swift in Sources */ = {isa = PBXBuildFile; fileRef = 1F5B49342BFCD42D00609C7F /* ImageList.swift */; };
		1F986F5B2BFA291E00601064 /* AwardAddView.swift in Sources */ = {isa = PBXBuildFile; fileRef = 1F986F5A2BFA291E00601064 /* AwardAddView.swift */; };
		1FE99FC62BF9F43D0043E0DB /* UserSelectView.swift in Sources */ = {isa = PBXBuildFile; fileRef = 1FE99FC52BF9F43D0043E0DB /* UserSelectView.swift */; };
		8CCC8BE72BFB7A1E009DBEE0 /* BoastEmptyView.swift in Sources */ = {isa = PBXBuildFile; fileRef = 8CCC8BE62BFB7A1E009DBEE0 /* BoastEmptyView.swift */; };
		8CCC8BEB2BFB8BCC009DBEE0 /* AwardEmptyView.swift in Sources */ = {isa = PBXBuildFile; fileRef = 8CCC8BEA2BFB8BCC009DBEE0 /* AwardEmptyView.swift */; };
		BD8665FF2BF89DAB0039F460 /* DNFont.xcassets in Resources */ = {isa = PBXBuildFile; fileRef = BD8665FE2BF89DAB0039F460 /* DNFont.xcassets */; };
		BDBD65582BFB727F005ECC96 /* ContentsLine.swift in Sources */ = {isa = PBXBuildFile; fileRef = BDBD65572BFB727F005ECC96 /* ContentsLine.swift */; };
		BDD8FED92BF8CAA300A1E25F /* Font.swift in Sources */ = {isa = PBXBuildFile; fileRef = BDD8FED82BF8CAA300A1E25F /* Font.swift */; };
		BDF0A5B72BFA482500070045 /* BoastMainView.swift in Sources */ = {isa = PBXBuildFile; fileRef = BDF0A5B62BFA482500070045 /* BoastMainView.swift */; };
		F12B05F32BFB593F006E2777 /* AwardCarouselView.swift in Sources */ = {isa = PBXBuildFile; fileRef = F12B05F22BFB593F006E2777 /* AwardCarouselView.swift */; };
		F12B05F52BFB5A19006E2777 /* AwardFavoriteView.swift in Sources */ = {isa = PBXBuildFile; fileRef = F12B05F42BFB5A19006E2777 /* AwardFavoriteView.swift */; };
		F12B05FD2BFBA22F006E2777 /* AwardThumbnailView.swift in Sources */ = {isa = PBXBuildFile; fileRef = F12B05FC2BFBA22F006E2777 /* AwardThumbnailView.swift */; };
		F16525F52BF8B23A0013C2CF /* TabBarView.swift in Sources */ = {isa = PBXBuildFile; fileRef = F16525F42BF8B23A0013C2CF /* TabBarView.swift */; };
		F16525F72BF8E2CD0013C2CF /* UserSwitchView.swift in Sources */ = {isa = PBXBuildFile; fileRef = F16525F62BF8E2CD0013C2CF /* UserSwitchView.swift */; };
		F16525FC2BF8E4E20013C2CF /* SegmentedPickerView.swift in Sources */ = {isa = PBXBuildFile; fileRef = F16525FB2BF8E4E20013C2CF /* SegmentedPickerView.swift */; };
		F16525FE2BF8E52C0013C2CF /* TotalAwardListView.swift in Sources */ = {isa = PBXBuildFile; fileRef = F16525FD2BF8E52C0013C2CF /* TotalAwardListView.swift */; };
		F16526002BF8E54A0013C2CF /* FavoriteAwardListView.swift in Sources */ = {isa = PBXBuildFile; fileRef = F16525FF2BF8E54A0013C2CF /* FavoriteAwardListView.swift */; };
		F1DFB5542BF7D2D100AE18AC /* AwardMainView.swift in Sources */ = {isa = PBXBuildFile; fileRef = F1DFB5532BF7D2D100AE18AC /* AwardMainView.swift */; };
		F1DFB5562BF7D6ED00AE18AC /* CarouselView.swift in Sources */ = {isa = PBXBuildFile; fileRef = F1DFB5552BF7D6ED00AE18AC /* CarouselView.swift */; };
		F1F47BF92BFAE0CA002F15E2 /* DeulLangNalLangApp.swift in Sources */ = {isa = PBXBuildFile; fileRef = F1F47BF82BFAE0CA002F15E2 /* DeulLangNalLangApp.swift */; };
/* End PBXBuildFile section */

/* Begin PBXFileReference section */
		0769FC4A2BF882B900AF4E85 /* AwardDetailView.swift */ = {isa = PBXFileReference; lastKnownFileType = sourcecode.swift; path = AwardDetailView.swift; sourceTree = "<group>"; };
		07F5F6332BF9C8F4008A184B /* BoastDetailView.swift */ = {isa = PBXFileReference; lastKnownFileType = sourcecode.swift; path = BoastDetailView.swift; sourceTree = "<group>"; };
		07F5F6352BF9E29B008A184B /* BoastAddView.swift */ = {isa = PBXFileReference; lastKnownFileType = sourcecode.swift; path = BoastAddView.swift; sourceTree = "<group>"; };
		080072312BF6E7E2007B2956 /* DeulLangNalLang.app */ = {isa = PBXFileReference; explicitFileType = wrapper.application; includeInIndex = 0; path = DeulLangNalLang.app; sourceTree = BUILT_PRODUCTS_DIR; };
		080072382BF6E7E3007B2956 /* Assets.xcassets */ = {isa = PBXFileReference; lastKnownFileType = folder.assetcatalog; name = Assets.xcassets; path = ../Assets.xcassets; sourceTree = "<group>"; };
		0800723B2BF6E7E3007B2956 /* Preview Assets.xcassets */ = {isa = PBXFileReference; lastKnownFileType = folder.assetcatalog; path = "Preview Assets.xcassets"; sourceTree = "<group>"; };
		0813883B2BFB93E500B78F3C /* BoastCardView.swift */ = {isa = PBXFileReference; fileEncoding = 4; lastKnownFileType = sourcecode.swift; path = BoastCardView.swift; sourceTree = "<group>"; };
		08CDC94B2BFE4ECA0036CA5B /* User.swift */ = {isa = PBXFileReference; lastKnownFileType = sourcecode.swift; path = User.swift; sourceTree = "<group>"; };
		08DBEF192BF86BD7007834A3 /* Boast.swift */ = {isa = PBXFileReference; lastKnownFileType = sourcecode.swift; path = Boast.swift; sourceTree = "<group>"; };
		08DBEF1B2BF86CF1007834A3 /* Award.swift */ = {isa = PBXFileReference; lastKnownFileType = sourcecode.swift; path = Award.swift; sourceTree = "<group>"; };
		08DBEF1D2BF87781007834A3 /* Constants.swift */ = {isa = PBXFileReference; lastKnownFileType = sourcecode.swift; path = Constants.swift; sourceTree = "<group>"; };
		08DBEF212BF893B9007834A3 /* Color.swift */ = {isa = PBXFileReference; lastKnownFileType = sourcecode.swift; path = Color.swift; sourceTree = "<group>"; };
		08DBEF262BF8D102007834A3 /* CardFlipView.swift */ = {isa = PBXFileReference; lastKnownFileType = sourcecode.swift; path = CardFlipView.swift; sourceTree = "<group>"; };
		1F5B49342BFCD42D00609C7F /* ImageList.swift */ = {isa = PBXFileReference; lastKnownFileType = sourcecode.swift; path = ImageList.swift; sourceTree = "<group>"; };
		1F986F5A2BFA291E00601064 /* AwardAddView.swift */ = {isa = PBXFileReference; lastKnownFileType = sourcecode.swift; path = AwardAddView.swift; sourceTree = "<group>"; };
		1FE99FC52BF9F43D0043E0DB /* UserSelectView.swift */ = {isa = PBXFileReference; lastKnownFileType = sourcecode.swift; path = UserSelectView.swift; sourceTree = "<group>"; };
		8CCC8BE62BFB7A1E009DBEE0 /* BoastEmptyView.swift */ = {isa = PBXFileReference; lastKnownFileType = sourcecode.swift; path = BoastEmptyView.swift; sourceTree = "<group>"; };
		8CCC8BEA2BFB8BCC009DBEE0 /* AwardEmptyView.swift */ = {isa = PBXFileReference; lastKnownFileType = sourcecode.swift; path = AwardEmptyView.swift; sourceTree = "<group>"; };
		BD8665FE2BF89DAB0039F460 /* DNFont.xcassets */ = {isa = PBXFileReference; lastKnownFileType = folder.assetcatalog; path = DNFont.xcassets; sourceTree = "<group>"; };
		BD8666002BF89F850039F460 /* Info.plist */ = {isa = PBXFileReference; lastKnownFileType = text.plist; path = Info.plist; sourceTree = "<group>"; };
		BDBD65572BFB727F005ECC96 /* ContentsLine.swift */ = {isa = PBXFileReference; lastKnownFileType = sourcecode.swift; path = ContentsLine.swift; sourceTree = "<group>"; };
		BDD8FED82BF8CAA300A1E25F /* Font.swift */ = {isa = PBXFileReference; lastKnownFileType = sourcecode.swift; name = Font.swift; path = DeulLangNalLang/Sources/Helper/Extensions/DNDesignSystem/Font.swift; sourceTree = SOURCE_ROOT; };
		BDF0A5B62BFA482500070045 /* BoastMainView.swift */ = {isa = PBXFileReference; lastKnownFileType = sourcecode.swift; path = BoastMainView.swift; sourceTree = "<group>"; };
		F12B05F22BFB593F006E2777 /* AwardCarouselView.swift */ = {isa = PBXFileReference; lastKnownFileType = sourcecode.swift; path = AwardCarouselView.swift; sourceTree = "<group>"; };
		F12B05F42BFB5A19006E2777 /* AwardFavoriteView.swift */ = {isa = PBXFileReference; lastKnownFileType = sourcecode.swift; path = AwardFavoriteView.swift; sourceTree = "<group>"; };
		F12B05FC2BFBA22F006E2777 /* AwardThumbnailView.swift */ = {isa = PBXFileReference; lastKnownFileType = sourcecode.swift; path = AwardThumbnailView.swift; sourceTree = "<group>"; };
		F16525F42BF8B23A0013C2CF /* TabBarView.swift */ = {isa = PBXFileReference; lastKnownFileType = sourcecode.swift; path = TabBarView.swift; sourceTree = "<group>"; };
		F16525F62BF8E2CD0013C2CF /* UserSwitchView.swift */ = {isa = PBXFileReference; lastKnownFileType = sourcecode.swift; path = UserSwitchView.swift; sourceTree = "<group>"; };
		F16525FB2BF8E4E20013C2CF /* SegmentedPickerView.swift */ = {isa = PBXFileReference; lastKnownFileType = sourcecode.swift; path = SegmentedPickerView.swift; sourceTree = "<group>"; };
		F16525FD2BF8E52C0013C2CF /* TotalAwardListView.swift */ = {isa = PBXFileReference; lastKnownFileType = sourcecode.swift; path = TotalAwardListView.swift; sourceTree = "<group>"; };
		F16525FF2BF8E54A0013C2CF /* FavoriteAwardListView.swift */ = {isa = PBXFileReference; lastKnownFileType = sourcecode.swift; path = FavoriteAwardListView.swift; sourceTree = "<group>"; };
		F1DFB5532BF7D2D100AE18AC /* AwardMainView.swift */ = {isa = PBXFileReference; lastKnownFileType = sourcecode.swift; path = AwardMainView.swift; sourceTree = "<group>"; };
		F1DFB5552BF7D6ED00AE18AC /* CarouselView.swift */ = {isa = PBXFileReference; lastKnownFileType = sourcecode.swift; path = CarouselView.swift; sourceTree = "<group>"; };
		F1F47BF82BFAE0CA002F15E2 /* DeulLangNalLangApp.swift */ = {isa = PBXFileReference; fileEncoding = 4; lastKnownFileType = sourcecode.swift; path = DeulLangNalLangApp.swift; sourceTree = "<group>"; };
/* End PBXFileReference section */

/* Begin PBXFrameworksBuildPhase section */
		0800722E2BF6E7E1007B2956 /* Frameworks */ = {
			isa = PBXFrameworksBuildPhase;
			buildActionMask = 2147483647;
			files = (
			);
			runOnlyForDeploymentPostprocessing = 0;
		};
/* End PBXFrameworksBuildPhase section */

/* Begin PBXGroup section */
		080072282BF6E7E1007B2956 = {
			isa = PBXGroup;
			children = (
				080072332BF6E7E2007B2956 /* DeulLangNalLang */,
				080072322BF6E7E2007B2956 /* Products */,
			);
			sourceTree = "<group>";
		};
		080072322BF6E7E2007B2956 /* Products */ = {
			isa = PBXGroup;
			children = (
				080072312BF6E7E2007B2956 /* DeulLangNalLang.app */,
			);
			name = Products;
			sourceTree = "<group>";
		};
		080072332BF6E7E2007B2956 /* DeulLangNalLang */ = {
			isa = PBXGroup;
			children = (
				BD8666002BF89F850039F460 /* Info.plist */,
				08DBEF102BF8563A007834A3 /* Resources */,
				08DBEF0F2BF855D6007834A3 /* Sources */,
				0800723A2BF6E7E3007B2956 /* Preview Content */,
			);
			path = DeulLangNalLang;
			sourceTree = "<group>";
		};
		0800723A2BF6E7E3007B2956 /* Preview Content */ = {
			isa = PBXGroup;
			children = (
				0800723B2BF6E7E3007B2956 /* Preview Assets.xcassets */,
			);
			path = "Preview Content";
			sourceTree = "<group>";
		};
		08DBEF0C2BF797CD007834A3 /* View */ = {
			isa = PBXGroup;
			children = (
				1FE99FC52BF9F43D0043E0DB /* UserSelectView.swift */,
				F16525F42BF8B23A0013C2CF /* TabBarView.swift */,
				F16525F62BF8E2CD0013C2CF /* UserSwitchView.swift */,
				08E7B2B82BFB2C2E00668FC2 /* AwardTab */,
				08E7B2B72BFB2BF000668FC2 /* BoastTab */,
			);
			path = View;
			sourceTree = "<group>";
		};
		08DBEF0D2BF797F0007834A3 /* Model */ = {
			isa = PBXGroup;
			children = (
				08DBEF192BF86BD7007834A3 /* Boast.swift */,
				08DBEF1B2BF86CF1007834A3 /* Award.swift */,
			);
			path = Model;
			sourceTree = "<group>";
		};
		08DBEF0E2BF797FB007834A3 /* Data */ = {
			isa = PBXGroup;
			children = (
				08CDC94B2BFE4ECA0036CA5B /* User.swift */,
			);
			path = Data;
			sourceTree = "<group>";
		};
		08DBEF0F2BF855D6007834A3 /* Sources */ = {
			isa = PBXGroup;
			children = (
				08DBEF142BF859A3007834A3 /* Application */,
				08DBEF112BF85690007834A3 /* Helper */,
				08DBEF0C2BF797CD007834A3 /* View */,
				08DBEF0D2BF797F0007834A3 /* Model */,
				08DBEF0E2BF797FB007834A3 /* Data */,
			);
			path = Sources;
			sourceTree = "<group>";
		};
		08DBEF102BF8563A007834A3 /* Resources */ = {
			isa = PBXGroup;
			children = (
				080072382BF6E7E3007B2956 /* Assets.xcassets */,
				BD8665FE2BF89DAB0039F460 /* DNFont.xcassets */,
			);
			path = Resources;
			sourceTree = "<group>";
		};
		08DBEF112BF85690007834A3 /* Helper */ = {
			isa = PBXGroup;
			children = (
				08DBEF132BF85983007834A3 /* Extensions */,
				08DBEF1D2BF87781007834A3 /* Constants.swift */,
				BDBD65572BFB727F005ECC96 /* ContentsLine.swift */,
			);
			path = Helper;
			sourceTree = "<group>";
		};
		08DBEF132BF85983007834A3 /* Extensions */ = {
			isa = PBXGroup;
			children = (
				BDD8FEDA2BF8CD9600A1E25F /* DNDesignSystem */,
			);
			path = Extensions;
			sourceTree = "<group>";
		};
		08DBEF142BF859A3007834A3 /* Application */ = {
			isa = PBXGroup;
			children = (
				F1F47BF82BFAE0CA002F15E2 /* DeulLangNalLangApp.swift */,
			);
			path = Application;
			sourceTree = "<group>";
		};
		08E7B2B72BFB2BF000668FC2 /* BoastTab */ = {
			isa = PBXGroup;
			children = (
				1F986F5A2BFA291E00601064 /* AwardAddView.swift */,
				8CCC8BE62BFB7A1E009DBEE0 /* BoastEmptyView.swift */,
				07F5F6352BF9E29B008A184B /* BoastAddView.swift */,
				BDF0A5B62BFA482500070045 /* BoastMainView.swift */,
				0813883B2BFB93E500B78F3C /* BoastCardView.swift */,
			);
			path = BoastTab;
			sourceTree = "<group>";
		};
		08E7B2B82BFB2C2E00668FC2 /* AwardTab */ = {
			isa = PBXGroup;
			children = (
				08E7B2BA2BFB2EB300668FC2 /* Detail */,
				F16526012BF8E5590013C2CF /* MainTop */,
				F16526032BF8E5900013C2CF /* MainBottom */,
			);
			path = AwardTab;
			sourceTree = "<group>";
		};
		08E7B2BA2BFB2EB300668FC2 /* Detail */ = {
			isa = PBXGroup;
			children = (
				0769FC4A2BF882B900AF4E85 /* AwardDetailView.swift */,
				07F5F6332BF9C8F4008A184B /* BoastDetailView.swift */,
				08DBEF262BF8D102007834A3 /* CardFlipView.swift */,
			);
			path = Detail;
			sourceTree = "<group>";
		};
		BDD8FEDA2BF8CD9600A1E25F /* DNDesignSystem */ = {
			isa = PBXGroup;
			children = (
				08DBEF212BF893B9007834A3 /* Color.swift */,
				BDD8FED82BF8CAA300A1E25F /* Font.swift */,
				1F5B49342BFCD42D00609C7F /* ImageList.swift */,
			);
			path = DNDesignSystem;
			sourceTree = "<group>";
		};
		F16526012BF8E5590013C2CF /* MainTop */ = {
			isa = PBXGroup;
			children = (
				F12B05F22BFB593F006E2777 /* AwardCarouselView.swift */,
				F1DFB5532BF7D2D100AE18AC /* AwardMainView.swift */,
				F1DFB5552BF7D6ED00AE18AC /* CarouselView.swift */,
			);
			path = MainTop;
			sourceTree = "<group>";
		};
		F16526032BF8E5900013C2CF /* MainBottom */ = {
			isa = PBXGroup;
			children = (
				F12B05F42BFB5A19006E2777 /* AwardFavoriteView.swift */,
				F12B05FC2BFBA22F006E2777 /* AwardThumbnailView.swift */,
				F16525FB2BF8E4E20013C2CF /* SegmentedPickerView.swift */,
				8CCC8BEA2BFB8BCC009DBEE0 /* AwardEmptyView.swift */,
				F16525FD2BF8E52C0013C2CF /* TotalAwardListView.swift */,
				F16525FF2BF8E54A0013C2CF /* FavoriteAwardListView.swift */,
			);
			path = MainBottom;
			sourceTree = "<group>";
		};
/* End PBXGroup section */

/* Begin PBXNativeTarget section */
		080072302BF6E7E1007B2956 /* DeulLangNalLang */ = {
			isa = PBXNativeTarget;
			buildConfigurationList = 0800723F2BF6E7E3007B2956 /* Build configuration list for PBXNativeTarget "DeulLangNalLang" */;
			buildPhases = (
				0800722D2BF6E7E1007B2956 /* Sources */,
				0800722E2BF6E7E1007B2956 /* Frameworks */,
				0800722F2BF6E7E1007B2956 /* Resources */,
			);
			buildRules = (
			);
			dependencies = (
			);
			name = DeulLangNalLang;
			productName = DeulLangNalLang;
			productReference = 080072312BF6E7E2007B2956 /* DeulLangNalLang.app */;
			productType = "com.apple.product-type.application";
		};
/* End PBXNativeTarget section */

/* Begin PBXProject section */
		080072292BF6E7E1007B2956 /* Project object */ = {
			isa = PBXProject;
			attributes = {
				BuildIndependentTargetsInParallel = 1;
				LastSwiftUpdateCheck = 1540;
				LastUpgradeCheck = 1540;
				TargetAttributes = {
					080072302BF6E7E1007B2956 = {
						CreatedOnToolsVersion = 15.4;
					};
				};
			};
			buildConfigurationList = 0800722C2BF6E7E1007B2956 /* Build configuration list for PBXProject "DeulLangNalLang" */;
			compatibilityVersion = "Xcode 14.0";
			developmentRegion = en;
			hasScannedForEncodings = 0;
			knownRegions = (
				en,
				Base,
			);
			mainGroup = 080072282BF6E7E1007B2956;
			productRefGroup = 080072322BF6E7E2007B2956 /* Products */;
			projectDirPath = "";
			projectRoot = "";
			targets = (
				080072302BF6E7E1007B2956 /* DeulLangNalLang */,
			);
		};
/* End PBXProject section */

/* Begin PBXResourcesBuildPhase section */
		0800722F2BF6E7E1007B2956 /* Resources */ = {
			isa = PBXResourcesBuildPhase;
			buildActionMask = 2147483647;
			files = (
				BD8665FF2BF89DAB0039F460 /* DNFont.xcassets in Resources */,
				0800723C2BF6E7E3007B2956 /* Preview Assets.xcassets in Resources */,
				080072392BF6E7E3007B2956 /* Assets.xcassets in Resources */,
			);
			runOnlyForDeploymentPostprocessing = 0;
		};
/* End PBXResourcesBuildPhase section */

/* Begin PBXSourcesBuildPhase section */
		0800722D2BF6E7E1007B2956 /* Sources */ = {
			isa = PBXSourcesBuildPhase;
			buildActionMask = 2147483647;
			files = (
				0769FC4B2BF882B900AF4E85 /* AwardDetailView.swift in Sources */,
				8CCC8BE72BFB7A1E009DBEE0 /* BoastEmptyView.swift in Sources */,
				08DBEF222BF893B9007834A3 /* Color.swift in Sources */,
				07F5F6362BF9E29B008A184B /* BoastAddView.swift in Sources */,
				1F986F5B2BFA291E00601064 /* AwardAddView.swift in Sources */,
				08DBEF272BF8D102007834A3 /* CardFlipView.swift in Sources */,
				08DBEF1C2BF86CF1007834A3 /* Award.swift in Sources */,
				BDD8FED92BF8CAA300A1E25F /* Font.swift in Sources */,
				08CDC94C2BFE4ECA0036CA5B /* User.swift in Sources */,
				BDBD65582BFB727F005ECC96 /* ContentsLine.swift in Sources */,
				08DBEF1A2BF86BD7007834A3 /* Boast.swift in Sources */,
				07F5F6342BF9C8F4008A184B /* BoastDetailView.swift in Sources */,
				BDF0A5B72BFA482500070045 /* BoastMainView.swift in Sources */,
				F1DFB5542BF7D2D100AE18AC /* AwardMainView.swift in Sources */,
				F16525FC2BF8E4E20013C2CF /* SegmentedPickerView.swift in Sources */,
				F16526002BF8E54A0013C2CF /* FavoriteAwardListView.swift in Sources */,
				F16525F72BF8E2CD0013C2CF /* UserSwitchView.swift in Sources */,
				0813883C2BFB93E500B78F3C /* BoastCardView.swift in Sources */,
				8CCC8BEB2BFB8BCC009DBEE0 /* AwardEmptyView.swift in Sources */,
				F16525FE2BF8E52C0013C2CF /* TotalAwardListView.swift in Sources */,
				F1DFB5562BF7D6ED00AE18AC /* CarouselView.swift in Sources */,
				F12B05F52BFB5A19006E2777 /* AwardFavoriteView.swift in Sources */,
				F16525F52BF8B23A0013C2CF /* TabBarView.swift in Sources */,
				1FE99FC62BF9F43D0043E0DB /* UserSelectView.swift in Sources */,
				F1F47BF92BFAE0CA002F15E2 /* DeulLangNalLangApp.swift in Sources */,
				1F5B49352BFCD42D00609C7F /* ImageList.swift in Sources */,
				F12B05FD2BFBA22F006E2777 /* AwardThumbnailView.swift in Sources */,
				F12B05F32BFB593F006E2777 /* AwardCarouselView.swift in Sources */,
				08DBEF1E2BF87781007834A3 /* Constants.swift in Sources */,
			);
			runOnlyForDeploymentPostprocessing = 0;
		};
/* End PBXSourcesBuildPhase section */

/* Begin XCBuildConfiguration section */
		0800723D2BF6E7E3007B2956 /* Debug */ = {
			isa = XCBuildConfiguration;
			buildSettings = {
				ALWAYS_SEARCH_USER_PATHS = NO;
				ASSETCATALOG_COMPILER_GENERATE_SWIFT_ASSET_SYMBOL_EXTENSIONS = YES;
				CLANG_ANALYZER_NONNULL = YES;
				CLANG_ANALYZER_NUMBER_OBJECT_CONVERSION = YES_AGGRESSIVE;
				CLANG_CXX_LANGUAGE_STANDARD = "gnu++20";
				CLANG_ENABLE_MODULES = YES;
				CLANG_ENABLE_OBJC_ARC = YES;
				CLANG_ENABLE_OBJC_WEAK = YES;
				CLANG_WARN_BLOCK_CAPTURE_AUTORELEASING = YES;
				CLANG_WARN_BOOL_CONVERSION = YES;
				CLANG_WARN_COMMA = YES;
				CLANG_WARN_CONSTANT_CONVERSION = YES;
				CLANG_WARN_DEPRECATED_OBJC_IMPLEMENTATIONS = YES;
				CLANG_WARN_DIRECT_OBJC_ISA_USAGE = YES_ERROR;
				CLANG_WARN_DOCUMENTATION_COMMENTS = YES;
				CLANG_WARN_EMPTY_BODY = YES;
				CLANG_WARN_ENUM_CONVERSION = YES;
				CLANG_WARN_INFINITE_RECURSION = YES;
				CLANG_WARN_INT_CONVERSION = YES;
				CLANG_WARN_NON_LITERAL_NULL_CONVERSION = YES;
				CLANG_WARN_OBJC_IMPLICIT_RETAIN_SELF = YES;
				CLANG_WARN_OBJC_LITERAL_CONVERSION = YES;
				CLANG_WARN_OBJC_ROOT_CLASS = YES_ERROR;
				CLANG_WARN_QUOTED_INCLUDE_IN_FRAMEWORK_HEADER = YES;
				CLANG_WARN_RANGE_LOOP_ANALYSIS = YES;
				CLANG_WARN_STRICT_PROTOTYPES = YES;
				CLANG_WARN_SUSPICIOUS_MOVE = YES;
				CLANG_WARN_UNGUARDED_AVAILABILITY = YES_AGGRESSIVE;
				CLANG_WARN_UNREACHABLE_CODE = YES;
				CLANG_WARN__DUPLICATE_METHOD_MATCH = YES;
				COPY_PHASE_STRIP = NO;
				DEBUG_INFORMATION_FORMAT = dwarf;
				ENABLE_STRICT_OBJC_MSGSEND = YES;
				ENABLE_TESTABILITY = YES;
				ENABLE_USER_SCRIPT_SANDBOXING = YES;
				GCC_C_LANGUAGE_STANDARD = gnu17;
				GCC_DYNAMIC_NO_PIC = NO;
				GCC_NO_COMMON_BLOCKS = YES;
				GCC_OPTIMIZATION_LEVEL = 0;
				GCC_PREPROCESSOR_DEFINITIONS = (
					"DEBUG=1",
					"$(inherited)",
				);
				GCC_WARN_64_TO_32_BIT_CONVERSION = YES;
				GCC_WARN_ABOUT_RETURN_TYPE = YES_ERROR;
				GCC_WARN_UNDECLARED_SELECTOR = YES;
				GCC_WARN_UNINITIALIZED_AUTOS = YES_AGGRESSIVE;
				GCC_WARN_UNUSED_FUNCTION = YES;
				GCC_WARN_UNUSED_VARIABLE = YES;
				IPHONEOS_DEPLOYMENT_TARGET = 17.5;
				LOCALIZATION_PREFERS_STRING_CATALOGS = YES;
				MTL_ENABLE_DEBUG_INFO = INCLUDE_SOURCE;
				MTL_FAST_MATH = YES;
				ONLY_ACTIVE_ARCH = YES;
				SDKROOT = iphoneos;
				SWIFT_ACTIVE_COMPILATION_CONDITIONS = "DEBUG $(inherited)";
				SWIFT_OPTIMIZATION_LEVEL = "-Onone";
			};
			name = Debug;
		};
		0800723E2BF6E7E3007B2956 /* Release */ = {
			isa = XCBuildConfiguration;
			buildSettings = {
				ALWAYS_SEARCH_USER_PATHS = NO;
				ASSETCATALOG_COMPILER_GENERATE_SWIFT_ASSET_SYMBOL_EXTENSIONS = YES;
				CLANG_ANALYZER_NONNULL = YES;
				CLANG_ANALYZER_NUMBER_OBJECT_CONVERSION = YES_AGGRESSIVE;
				CLANG_CXX_LANGUAGE_STANDARD = "gnu++20";
				CLANG_ENABLE_MODULES = YES;
				CLANG_ENABLE_OBJC_ARC = YES;
				CLANG_ENABLE_OBJC_WEAK = YES;
				CLANG_WARN_BLOCK_CAPTURE_AUTORELEASING = YES;
				CLANG_WARN_BOOL_CONVERSION = YES;
				CLANG_WARN_COMMA = YES;
				CLANG_WARN_CONSTANT_CONVERSION = YES;
				CLANG_WARN_DEPRECATED_OBJC_IMPLEMENTATIONS = YES;
				CLANG_WARN_DIRECT_OBJC_ISA_USAGE = YES_ERROR;
				CLANG_WARN_DOCUMENTATION_COMMENTS = YES;
				CLANG_WARN_EMPTY_BODY = YES;
				CLANG_WARN_ENUM_CONVERSION = YES;
				CLANG_WARN_INFINITE_RECURSION = YES;
				CLANG_WARN_INT_CONVERSION = YES;
				CLANG_WARN_NON_LITERAL_NULL_CONVERSION = YES;
				CLANG_WARN_OBJC_IMPLICIT_RETAIN_SELF = YES;
				CLANG_WARN_OBJC_LITERAL_CONVERSION = YES;
				CLANG_WARN_OBJC_ROOT_CLASS = YES_ERROR;
				CLANG_WARN_QUOTED_INCLUDE_IN_FRAMEWORK_HEADER = YES;
				CLANG_WARN_RANGE_LOOP_ANALYSIS = YES;
				CLANG_WARN_STRICT_PROTOTYPES = YES;
				CLANG_WARN_SUSPICIOUS_MOVE = YES;
				CLANG_WARN_UNGUARDED_AVAILABILITY = YES_AGGRESSIVE;
				CLANG_WARN_UNREACHABLE_CODE = YES;
				CLANG_WARN__DUPLICATE_METHOD_MATCH = YES;
				COPY_PHASE_STRIP = NO;
				DEBUG_INFORMATION_FORMAT = "dwarf-with-dsym";
				ENABLE_NS_ASSERTIONS = NO;
				ENABLE_STRICT_OBJC_MSGSEND = YES;
				ENABLE_USER_SCRIPT_SANDBOXING = YES;
				GCC_C_LANGUAGE_STANDARD = gnu17;
				GCC_NO_COMMON_BLOCKS = YES;
				GCC_WARN_64_TO_32_BIT_CONVERSION = YES;
				GCC_WARN_ABOUT_RETURN_TYPE = YES_ERROR;
				GCC_WARN_UNDECLARED_SELECTOR = YES;
				GCC_WARN_UNINITIALIZED_AUTOS = YES_AGGRESSIVE;
				GCC_WARN_UNUSED_FUNCTION = YES;
				GCC_WARN_UNUSED_VARIABLE = YES;
				IPHONEOS_DEPLOYMENT_TARGET = 17.5;
				LOCALIZATION_PREFERS_STRING_CATALOGS = YES;
				MTL_ENABLE_DEBUG_INFO = NO;
				MTL_FAST_MATH = YES;
				SDKROOT = iphoneos;
				SWIFT_COMPILATION_MODE = wholemodule;
				VALIDATE_PRODUCT = YES;
			};
			name = Release;
		};
		080072402BF6E7E3007B2956 /* Debug */ = {
			isa = XCBuildConfiguration;
			buildSettings = {
				ASSETCATALOG_COMPILER_APPICON_NAME = AppIcon;
				ASSETCATALOG_COMPILER_GLOBAL_ACCENT_COLOR_NAME = AccentColor;
				CODE_SIGN_STYLE = Automatic;
				CURRENT_PROJECT_VERSION = 1;
				DEVELOPMENT_ASSET_PATHS = "\"DeulLangNalLang/Preview Content\"";
				DEVELOPMENT_TEAM = PK4L7H6D6F;
				ENABLE_PREVIEWS = YES;
				GENERATE_INFOPLIST_FILE = YES;
				INFOPLIST_FILE = DeulLangNalLang/Info.plist;
				INFOPLIST_KEY_LSApplicationCategoryType = "";
				INFOPLIST_KEY_UIApplicationSceneManifest_Generation = YES;
				INFOPLIST_KEY_UIApplicationSupportsIndirectInputEvents = YES;
				INFOPLIST_KEY_UILaunchScreen_Generation = YES;
				INFOPLIST_KEY_UISupportedInterfaceOrientations_iPad = "UIInterfaceOrientationPortrait UIInterfaceOrientationPortraitUpsideDown UIInterfaceOrientationLandscapeLeft UIInterfaceOrientationLandscapeRight";
				INFOPLIST_KEY_UISupportedInterfaceOrientations_iPhone = "UIInterfaceOrientationPortrait UIInterfaceOrientationLandscapeLeft UIInterfaceOrientationLandscapeRight";
				IPHONEOS_DEPLOYMENT_TARGET = 17.0;
				LD_RUNPATH_SEARCH_PATHS = (
					"$(inherited)",
					"@executable_path/Frameworks",
				);
				MARKETING_VERSION = 1.0;
				PRODUCT_BUNDLE_IDENTIFIER = com.jwc.DeulLangNalLang;
				PRODUCT_NAME = "$(TARGET_NAME)";
				SWIFT_EMIT_LOC_STRINGS = YES;
				SWIFT_VERSION = 5.0;
				TARGETED_DEVICE_FAMILY = "1,2";
			};
			name = Debug;
		};
		080072412BF6E7E3007B2956 /* Release */ = {
			isa = XCBuildConfiguration;
			buildSettings = {
				ASSETCATALOG_COMPILER_APPICON_NAME = AppIcon;
				ASSETCATALOG_COMPILER_GLOBAL_ACCENT_COLOR_NAME = AccentColor;
				CODE_SIGN_STYLE = Automatic;
				CURRENT_PROJECT_VERSION = 1;
				DEVELOPMENT_ASSET_PATHS = "\"DeulLangNalLang/Preview Content\"";
				DEVELOPMENT_TEAM = PK4L7H6D6F;
				ENABLE_PREVIEWS = YES;
				GENERATE_INFOPLIST_FILE = YES;
				INFOPLIST_FILE = DeulLangNalLang/Info.plist;
				INFOPLIST_KEY_LSApplicationCategoryType = "";
				INFOPLIST_KEY_UIApplicationSceneManifest_Generation = YES;
				INFOPLIST_KEY_UIApplicationSupportsIndirectInputEvents = YES;
				INFOPLIST_KEY_UILaunchScreen_Generation = YES;
				INFOPLIST_KEY_UISupportedInterfaceOrientations_iPad = "UIInterfaceOrientationPortrait UIInterfaceOrientationPortraitUpsideDown UIInterfaceOrientationLandscapeLeft UIInterfaceOrientationLandscapeRight";
				INFOPLIST_KEY_UISupportedInterfaceOrientations_iPhone = "UIInterfaceOrientationPortrait UIInterfaceOrientationLandscapeLeft UIInterfaceOrientationLandscapeRight";
				IPHONEOS_DEPLOYMENT_TARGET = 17.0;
				LD_RUNPATH_SEARCH_PATHS = (
					"$(inherited)",
					"@executable_path/Frameworks",
				);
				MARKETING_VERSION = 1.0;
				PRODUCT_BUNDLE_IDENTIFIER = com.jwc.DeulLangNalLang;
				PRODUCT_NAME = "$(TARGET_NAME)";
				SWIFT_EMIT_LOC_STRINGS = YES;
				SWIFT_VERSION = 5.0;
				TARGETED_DEVICE_FAMILY = "1,2";
			};
			name = Release;
		};
/* End XCBuildConfiguration section */

/* Begin XCConfigurationList section */
		0800722C2BF6E7E1007B2956 /* Build configuration list for PBXProject "DeulLangNalLang" */ = {
			isa = XCConfigurationList;
			buildConfigurations = (
				0800723D2BF6E7E3007B2956 /* Debug */,
				0800723E2BF6E7E3007B2956 /* Release */,
			);
			defaultConfigurationIsVisible = 0;
			defaultConfigurationName = Release;
		};
		0800723F2BF6E7E3007B2956 /* Build configuration list for PBXNativeTarget "DeulLangNalLang" */ = {
			isa = XCConfigurationList;
			buildConfigurations = (
				080072402BF6E7E3007B2956 /* Debug */,
				080072412BF6E7E3007B2956 /* Release */,
			);
			defaultConfigurationIsVisible = 0;
			defaultConfigurationName = Release;
		};
/* End XCConfigurationList section */
	};
	rootObject = 080072292BF6E7E1007B2956 /* Project object */;
}
