// !$*UTF8*$!
{
	archiveVersion = 1;
	classes = {
	};
	objectVersion = 56;
	objects = {

/* Begin PBXBuildFile section */
		0769FC4B2BF882B900AF4E85 /* AwardDetailView.swift in Sources */ = {isa = PBXBuildFile; fileRef = 0769FC4A2BF882B900AF4E85 /* AwardDetailView.swift */; };
		07F5F6302BF8F7F0008A184B /* ContentView.swift in Sources */ = {isa = PBXBuildFile; fileRef = 07F5F62F2BF8F7F0008A184B /* ContentView.swift */; };
		07F5F6342BF9C8F4008A184B /* BoastDetailView.swift in Sources */ = {isa = PBXBuildFile; fileRef = 07F5F6332BF9C8F4008A184B /* BoastDetailView.swift */; };
		080072352BF6E7E2007B2956 /* DeulLangNalLangApp.swift in Sources */ = {isa = PBXBuildFile; fileRef = 080072342BF6E7E2007B2956 /* DeulLangNalLangApp.swift */; };
		080072392BF6E7E3007B2956 /* Assets.xcassets in Resources */ = {isa = PBXBuildFile; fileRef = 080072382BF6E7E3007B2956 /* Assets.xcassets */; };
		0800723C2BF6E7E3007B2956 /* Preview Assets.xcassets in Resources */ = {isa = PBXBuildFile; fileRef = 0800723B2BF6E7E3007B2956 /* Preview Assets.xcassets */; };
		08DBEF162BF8699E007834A3 /* User.swift in Sources */ = {isa = PBXBuildFile; fileRef = 08DBEF152BF8699E007834A3 /* User.swift */; };
		08DBEF1A2BF86BD7007834A3 /* Boast.swift in Sources */ = {isa = PBXBuildFile; fileRef = 08DBEF192BF86BD7007834A3 /* Boast.swift */; };
		08DBEF1C2BF86CF1007834A3 /* Award.swift in Sources */ = {isa = PBXBuildFile; fileRef = 08DBEF1B2BF86CF1007834A3 /* Award.swift */; };
		08DBEF1E2BF87781007834A3 /* Constants.swift in Sources */ = {isa = PBXBuildFile; fileRef = 08DBEF1D2BF87781007834A3 /* Constants.swift */; };
		1F986F5B2BFA291E00601064 /* AwardAddView.swift in Sources */ = {isa = PBXBuildFile; fileRef = 1F986F5A2BFA291E00601064 /* AwardAddView.swift */; };
		1FE99FC62BF9F43D0043E0DB /* UserSelectView.swift in Sources */ = {isa = PBXBuildFile; fileRef = 1FE99FC52BF9F43D0043E0DB /* UserSelectView.swift */; };
		08DBEF222BF893B9007834A3 /* Color.swift in Sources */ = {isa = PBXBuildFile; fileRef = 08DBEF212BF893B9007834A3 /* Color.swift */; };
		BD8665FF2BF89DAB0039F460 /* DNFont.xcassets in Resources */ = {isa = PBXBuildFile; fileRef = BD8665FE2BF89DAB0039F460 /* DNFont.xcassets */; };
		BDD8FED92BF8CAA300A1E25F /* Font.swift in Sources */ = {isa = PBXBuildFile; fileRef = BDD8FED82BF8CAA300A1E25F /* Font.swift */; };
		BDD8FEDE2BF8FD4F00A1E25F /* BoastCardView.swift in Sources */ = {isa = PBXBuildFile; fileRef = BDD8FEDD2BF8FD4F00A1E25F /* BoastCardView.swift */; };
/* End PBXBuildFile section */

/* Begin PBXFileReference section */
		0769FC4A2BF882B900AF4E85 /* AwardDetailView.swift */ = {isa = PBXFileReference; lastKnownFileType = sourcecode.swift; path = AwardDetailView.swift; sourceTree = "<group>"; };
		07F5F62F2BF8F7F0008A184B /* ContentView.swift */ = {isa = PBXFileReference; fileEncoding = 4; lastKnownFileType = sourcecode.swift; path = ContentView.swift; sourceTree = "<group>"; };
		07F5F6332BF9C8F4008A184B /* BoastDetailView.swift */ = {isa = PBXFileReference; lastKnownFileType = sourcecode.swift; path = BoastDetailView.swift; sourceTree = "<group>"; };
		080072312BF6E7E2007B2956 /* DeulLangNalLang.app */ = {isa = PBXFileReference; explicitFileType = wrapper.application; includeInIndex = 0; path = DeulLangNalLang.app; sourceTree = BUILT_PRODUCTS_DIR; };
		080072342BF6E7E2007B2956 /* DeulLangNalLangApp.swift */ = {isa = PBXFileReference; lastKnownFileType = sourcecode.swift; path = DeulLangNalLangApp.swift; sourceTree = "<group>"; };
		080072382BF6E7E3007B2956 /* Assets.xcassets */ = {isa = PBXFileReference; lastKnownFileType = folder.assetcatalog; path = Assets.xcassets; sourceTree = "<group>"; };
		0800723B2BF6E7E3007B2956 /* Preview Assets.xcassets */ = {isa = PBXFileReference; lastKnownFileType = folder.assetcatalog; path = "Preview Assets.xcassets"; sourceTree = "<group>"; };
		08DBEF152BF8699E007834A3 /* User.swift */ = {isa = PBXFileReference; lastKnownFileType = sourcecode.swift; path = User.swift; sourceTree = "<group>"; };
		08DBEF192BF86BD7007834A3 /* Boast.swift */ = {isa = PBXFileReference; lastKnownFileType = sourcecode.swift; path = Boast.swift; sourceTree = "<group>"; };
		08DBEF1B2BF86CF1007834A3 /* Award.swift */ = {isa = PBXFileReference; lastKnownFileType = sourcecode.swift; path = Award.swift; sourceTree = "<group>"; };
		08DBEF1D2BF87781007834A3 /* Constants.swift */ = {isa = PBXFileReference; lastKnownFileType = sourcecode.swift; path = Constants.swift; sourceTree = "<group>"; };
		08DBEF212BF893B9007834A3 /* Color.swift */ = {isa = PBXFileReference; lastKnownFileType = sourcecode.swift; path = Color.swift; sourceTree = "<group>"; };
		1FE99FC52BF9F43D0043E0DB /* UserSelectView.swift */ = {isa = PBXFileReference; lastKnownFileType = sourcecode.swift; path = UserSelectView.swift; sourceTree = "<group>"; };
		1F986F5A2BFA291E00601064 /* AwardAddView.swift */ = {isa = PBXFileReference; lastKnownFileType = sourcecode.swift; path = AwardAddView.swift; sourceTree = "<group>"; };
		BD8665FE2BF89DAB0039F460 /* DNFont.xcassets */ = {isa = PBXFileReference; lastKnownFileType = folder.assetcatalog; path = DNFont.xcassets; sourceTree = "<group>"; };
		BD8666002BF89F850039F460 /* Info.plist */ = {isa = PBXFileReference; lastKnownFileType = text.plist; path = Info.plist; sourceTree = "<group>"; };
		BDD8FED82BF8CAA300A1E25F /* Font.swift */ = {isa = PBXFileReference; lastKnownFileType = sourcecode.swift; name = Font.swift; path = DeulLangNalLang/Sources/Helper/Extensions/DNDesignSystem/Font.swift; sourceTree = SOURCE_ROOT; };
		BDD8FEDD2BF8FD4F00A1E25F /* BoastCardView.swift */ = {isa = PBXFileReference; lastKnownFileType = sourcecode.swift; path = BoastCardView.swift; sourceTree = "<group>"; };
/* End PBXFileReference section */

/* Begin PBXFrameworksBuildPhase section */
		0800722E2BF6E7E1007B2956 /* Frameworks */ = {
			isa = PBXFrameworksBuildPhase;
			buildActionMask = 2147483647;
			files = (
			);
			runOnlyForDeploymentPostprocessing = 0;
		};
/* End PBXFrameworksBuildPhase section */

/* Begin PBXGroup section */
		080072282BF6E7E1007B2956 = {
			isa = PBXGroup;
			children = (
				080072332BF6E7E2007B2956 /* DeulLangNalLang */,
				080072322BF6E7E2007B2956 /* Products */,
			);
			sourceTree = "<group>";
		};
		080072322BF6E7E2007B2956 /* Products */ = {
			isa = PBXGroup;
			children = (
				080072312BF6E7E2007B2956 /* DeulLangNalLang.app */,
			);
			name = Products;
			sourceTree = "<group>";
		};
		080072332BF6E7E2007B2956 /* DeulLangNalLang */ = {
			isa = PBXGroup;
			children = (
				BD8666002BF89F850039F460 /* Info.plist */,
				08DBEF102BF8563A007834A3 /* Resources */,
				08DBEF0F2BF855D6007834A3 /* Sources */,
				0769FC4A2BF882B900AF4E85 /* AwardDetailView.swift */,
				07F5F6332BF9C8F4008A184B /* BoastDetailView.swift */,
				0800723A2BF6E7E3007B2956 /* Preview Content */,
			);
			path = DeulLangNalLang;
			sourceTree = "<group>";
		};
		0800723A2BF6E7E3007B2956 /* Preview Content */ = {
			isa = PBXGroup;
			children = (
				0800723B2BF6E7E3007B2956 /* Preview Assets.xcassets */,
			);
			path = "Preview Content";
			sourceTree = "<group>";
		};
		08DBEF0C2BF797CD007834A3 /* View */ = {
			isa = PBXGroup;
			children = (
				07F5F62F2BF8F7F0008A184B /* ContentView.swift */,
				BDD8FEDD2BF8FD4F00A1E25F /* BoastCardView.swift */,
				1FE99FC52BF9F43D0043E0DB /* UserSelectView.swift */,
				1F986F5A2BFA291E00601064 /* AwardAddView.swift */,
			);
			path = View;
			sourceTree = "<group>";
		};
		08DBEF0D2BF797F0007834A3 /* Model */ = {
			isa = PBXGroup;
			children = (
				08DBEF152BF8699E007834A3 /* User.swift */,
				08DBEF192BF86BD7007834A3 /* Boast.swift */,
				08DBEF1B2BF86CF1007834A3 /* Award.swift */,
			);
			path = Model;
			sourceTree = "<group>";
		};
		08DBEF0E2BF797FB007834A3 /* Data */ = {
			isa = PBXGroup;
			children = (
			);
			path = Data;
			sourceTree = "<group>";
		};
		08DBEF0F2BF855D6007834A3 /* Sources */ = {
			isa = PBXGroup;
			children = (
				08DBEF142BF859A3007834A3 /* Application */,
				08DBEF112BF85690007834A3 /* Helper */,
				08DBEF0C2BF797CD007834A3 /* View */,
				08DBEF0D2BF797F0007834A3 /* Model */,
				08DBEF0E2BF797FB007834A3 /* Data */,
			);
			path = Sources;
			sourceTree = "<group>";
		};
		08DBEF102BF8563A007834A3 /* Resources */ = {
			isa = PBXGroup;
			children = (
				080072382BF6E7E3007B2956 /* Assets.xcassets */,
				BD8665FE2BF89DAB0039F460 /* DNFont.xcassets */,
			);
			path = Resources;
			sourceTree = "<group>";
		};
		08DBEF112BF85690007834A3 /* Helper */ = {
			isa = PBXGroup;
			children = (
				08DBEF132BF85983007834A3 /* Extensions */,
				08DBEF1D2BF87781007834A3 /* Constants.swift */,
			);
			path = Helper;
			sourceTree = "<group>";
		};
		08DBEF132BF85983007834A3 /* Extensions */ = {
			isa = PBXGroup;
			children = (
				BDD8FEDA2BF8CD9600A1E25F /* DNDesignSystem */,
			);
			path = Extensions;
			sourceTree = "<group>";
		};
		08DBEF142BF859A3007834A3 /* Application */ = {
			isa = PBXGroup;
			children = (
				080072342BF6E7E2007B2956 /* DeulLangNalLangApp.swift */,
			);
			path = Application;
			sourceTree = "<group>";
		};
		BDD8FEDA2BF8CD9600A1E25F /* DNDesignSystem */ = {
			isa = PBXGroup;
			children = (
				08DBEF212BF893B9007834A3 /* Color.swift */,
				BDD8FED82BF8CAA300A1E25F /* Font.swift */,
			);
			path = DNDesignSystem;
			sourceTree = "<group>";
		};
/* End PBXGroup section */

/* Begin PBXNativeTarget section */
		080072302BF6E7E1007B2956 /* DeulLangNalLang */ = {
			isa = PBXNativeTarget;
			buildConfigurationList = 0800723F2BF6E7E3007B2956 /* Build configuration list for PBXNativeTarget "DeulLangNalLang" */;
			buildPhases = (
				0800722D2BF6E7E1007B2956 /* Sources */,
				0800722E2BF6E7E1007B2956 /* Frameworks */,
				0800722F2BF6E7E1007B2956 /* Resources */,
			);
			buildRules = (
			);
			dependencies = (
			);
			name = DeulLangNalLang;
			productName = DeulLangNalLang;
			productReference = 080072312BF6E7E2007B2956 /* DeulLangNalLang.app */;
			productType = "com.apple.product-type.application";
		};
/* End PBXNativeTarget section */

/* Begin PBXProject section */
		080072292BF6E7E1007B2956 /* Project object */ = {
			isa = PBXProject;
			attributes = {
				BuildIndependentTargetsInParallel = 1;
				LastSwiftUpdateCheck = 1540;
				LastUpgradeCheck = 1540;
				TargetAttributes = {
					080072302BF6E7E1007B2956 = {
						CreatedOnToolsVersion = 15.4;
					};
				};
			};
			buildConfigurationList = 0800722C2BF6E7E1007B2956 /* Build configuration list for PBXProject "DeulLangNalLang" */;
			compatibilityVersion = "Xcode 14.0";
			developmentRegion = en;
			hasScannedForEncodings = 0;
			knownRegions = (
				en,
				Base,
			);
			mainGroup = 080072282BF6E7E1007B2956;
			productRefGroup = 080072322BF6E7E2007B2956 /* Products */;
			projectDirPath = "";
			projectRoot = "";
			targets = (
				080072302BF6E7E1007B2956 /* DeulLangNalLang */,
			);
		};
/* End PBXProject section */

/* Begin PBXResourcesBuildPhase section */
		0800722F2BF6E7E1007B2956 /* Resources */ = {
			isa = PBXResourcesBuildPhase;
			buildActionMask = 2147483647;
			files = (
				BD8665FF2BF89DAB0039F460 /* DNFont.xcassets in Resources */,
				0800723C2BF6E7E3007B2956 /* Preview Assets.xcassets in Resources */,
				080072392BF6E7E3007B2956 /* Assets.xcassets in Resources */,
			);
			runOnlyForDeploymentPostprocessing = 0;
		};
/* End PBXResourcesBuildPhase section */

/* Begin PBXSourcesBuildPhase section */
		0800722D2BF6E7E1007B2956 /* Sources */ = {
			isa = PBXSourcesBuildPhase;
			buildActionMask = 2147483647;
			files = (
				0769FC4B2BF882B900AF4E85 /* AwardDetailView.swift in Sources */,
				08DBEF222BF893B9007834A3 /* Color.swift in Sources */,
				BDD8FEDE2BF8FD4F00A1E25F /* BoastCardView.swift in Sources */,
				1F986F5B2BFA291E00601064 /* AwardAddView.swift in Sources */,
				08DBEF1C2BF86CF1007834A3 /* Award.swift in Sources */,
				BDD8FED92BF8CAA300A1E25F /* Font.swift in Sources */,
				08DBEF1A2BF86BD7007834A3 /* Boast.swift in Sources */,
				07F5F6342BF9C8F4008A184B /* BoastDetailView.swift in Sources */,
				07F5F6302BF8F7F0008A184B /* ContentView.swift in Sources */,
				080072352BF6E7E2007B2956 /* DeulLangNalLangApp.swift in Sources */,
				1FE99FC62BF9F43D0043E0DB /* UserSelectView.swift in Sources */,
				08DBEF162BF8699E007834A3 /* User.swift in Sources */,
				1F96480C2BF9F7B800F9C1A1 /* UserSelectView.swift in Sources */,
				08DBEF1E2BF87781007834A3 /* Constants.swift in Sources */,
			);
			runOnlyForDeploymentPostprocessing = 0;
		};
/* End PBXSourcesBuildPhase section */

/* Begin XCBuildConfiguration section */
		0800723D2BF6E7E3007B2956 /* Debug */ = {
			isa = XCBuildConfiguration;
			buildSettings = {
				ALWAYS_SEARCH_USER_PATHS = NO;
				ASSETCATALOG_COMPILER_GENERATE_SWIFT_ASSET_SYMBOL_EXTENSIONS = YES;
				CLANG_ANALYZER_NONNULL = YES;
				CLANG_ANALYZER_NUMBER_OBJECT_CONVERSION = YES_AGGRESSIVE;
				CLANG_CXX_LANGUAGE_STANDARD = "gnu++20";
				CLANG_ENABLE_MODULES = YES;
				CLANG_ENABLE_OBJC_ARC = YES;
				CLANG_ENABLE_OBJC_WEAK = YES;
				CLANG_WARN_BLOCK_CAPTURE_AUTORELEASING = YES;
				CLANG_WARN_BOOL_CONVERSION = YES;
				CLANG_WARN_COMMA = YES;
				CLANG_WARN_CONSTANT_CONVERSION = YES;
				CLANG_WARN_DEPRECATED_OBJC_IMPLEMENTATIONS = YES;
				CLANG_WARN_DIRECT_OBJC_ISA_USAGE = YES_ERROR;
				CLANG_WARN_DOCUMENTATION_COMMENTS = YES;
				CLANG_WARN_EMPTY_BODY = YES;
				CLANG_WARN_ENUM_CONVERSION = YES;
				CLANG_WARN_INFINITE_RECURSION = YES;
				CLANG_WARN_INT_CONVERSION = YES;
				CLANG_WARN_NON_LITERAL_NULL_CONVERSION = YES;
				CLANG_WARN_OBJC_IMPLICIT_RETAIN_SELF = YES;
				CLANG_WARN_OBJC_LITERAL_CONVERSION = YES;
				CLANG_WARN_OBJC_ROOT_CLASS = YES_ERROR;
				CLANG_WARN_QUOTED_INCLUDE_IN_FRAMEWORK_HEADER = YES;
				CLANG_WARN_RANGE_LOOP_ANALYSIS = YES;
				CLANG_WARN_STRICT_PROTOTYPES = YES;
				CLANG_WARN_SUSPICIOUS_MOVE = YES;
				CLANG_WARN_UNGUARDED_AVAILABILITY = YES_AGGRESSIVE;
				CLANG_WARN_UNREACHABLE_CODE = YES;
				CLANG_WARN__DUPLICATE_METHOD_MATCH = YES;
				COPY_PHASE_STRIP = NO;
				DEBUG_INFORMATION_FORMAT = dwarf;
				ENABLE_STRICT_OBJC_MSGSEND = YES;
				ENABLE_TESTABILITY = YES;
				ENABLE_USER_SCRIPT_SANDBOXING = YES;
				GCC_C_LANGUAGE_STANDARD = gnu17;
				GCC_DYNAMIC_NO_PIC = NO;
				GCC_NO_COMMON_BLOCKS = YES;
				GCC_OPTIMIZATION_LEVEL = 0;
				GCC_PREPROCESSOR_DEFINITIONS = (
					"DEBUG=1",
					"$(inherited)",
				);
				GCC_WARN_64_TO_32_BIT_CONVERSION = YES;
				GCC_WARN_ABOUT_RETURN_TYPE = YES_ERROR;
				GCC_WARN_UNDECLARED_SELECTOR = YES;
				GCC_WARN_UNINITIALIZED_AUTOS = YES_AGGRESSIVE;
				GCC_WARN_UNUSED_FUNCTION = YES;
				GCC_WARN_UNUSED_VARIABLE = YES;
				IPHONEOS_DEPLOYMENT_TARGET = 17.5;
				LOCALIZATION_PREFERS_STRING_CATALOGS = YES;
				MTL_ENABLE_DEBUG_INFO = INCLUDE_SOURCE;
				MTL_FAST_MATH = YES;
				ONLY_ACTIVE_ARCH = YES;
				SDKROOT = iphoneos;
				SWIFT_ACTIVE_COMPILATION_CONDITIONS = "DEBUG $(inherited)";
				SWIFT_OPTIMIZATION_LEVEL = "-Onone";
			};
			name = Debug;
		};
		0800723E2BF6E7E3007B2956 /* Release */ = {
			isa = XCBuildConfiguration;
			buildSettings = {
				ALWAYS_SEARCH_USER_PATHS = NO;
				ASSETCATALOG_COMPILER_GENERATE_SWIFT_ASSET_SYMBOL_EXTENSIONS = YES;
				CLANG_ANALYZER_NONNULL = YES;
				CLANG_ANALYZER_NUMBER_OBJECT_CONVERSION = YES_AGGRESSIVE;
				CLANG_CXX_LANGUAGE_STANDARD = "gnu++20";
				CLANG_ENABLE_MODULES = YES;
				CLANG_ENABLE_OBJC_ARC = YES;
				CLANG_ENABLE_OBJC_WEAK = YES;
				CLANG_WARN_BLOCK_CAPTURE_AUTORELEASING = YES;
				CLANG_WARN_BOOL_CONVERSION = YES;
				CLANG_WARN_COMMA = YES;
				CLANG_WARN_CONSTANT_CONVERSION = YES;
				CLANG_WARN_DEPRECATED_OBJC_IMPLEMENTATIONS = YES;
				CLANG_WARN_DIRECT_OBJC_ISA_USAGE = YES_ERROR;
				CLANG_WARN_DOCUMENTATION_COMMENTS = YES;
				CLANG_WARN_EMPTY_BODY = YES;
				CLANG_WARN_ENUM_CONVERSION = YES;
				CLANG_WARN_INFINITE_RECURSION = YES;
				CLANG_WARN_INT_CONVERSION = YES;
				CLANG_WARN_NON_LITERAL_NULL_CONVERSION = YES;
				CLANG_WARN_OBJC_IMPLICIT_RETAIN_SELF = YES;
				CLANG_WARN_OBJC_LITERAL_CONVERSION = YES;
				CLANG_WARN_OBJC_ROOT_CLASS = YES_ERROR;
				CLANG_WARN_QUOTED_INCLUDE_IN_FRAMEWORK_HEADER = YES;
				CLANG_WARN_RANGE_LOOP_ANALYSIS = YES;
				CLANG_WARN_STRICT_PROTOTYPES = YES;
				CLANG_WARN_SUSPICIOUS_MOVE = YES;
				CLANG_WARN_UNGUARDED_AVAILABILITY = YES_AGGRESSIVE;
				CLANG_WARN_UNREACHABLE_CODE = YES;
				CLANG_WARN__DUPLICATE_METHOD_MATCH = YES;
				COPY_PHASE_STRIP = NO;
				DEBUG_INFORMATION_FORMAT = "dwarf-with-dsym";
				ENABLE_NS_ASSERTIONS = NO;
				ENABLE_STRICT_OBJC_MSGSEND = YES;
				ENABLE_USER_SCRIPT_SANDBOXING = YES;
				GCC_C_LANGUAGE_STANDARD = gnu17;
				GCC_NO_COMMON_BLOCKS = YES;
				GCC_WARN_64_TO_32_BIT_CONVERSION = YES;
				GCC_WARN_ABOUT_RETURN_TYPE = YES_ERROR;
				GCC_WARN_UNDECLARED_SELECTOR = YES;
				GCC_WARN_UNINITIALIZED_AUTOS = YES_AGGRESSIVE;
				GCC_WARN_UNUSED_FUNCTION = YES;
				GCC_WARN_UNUSED_VARIABLE = YES;
				IPHONEOS_DEPLOYMENT_TARGET = 17.5;
				LOCALIZATION_PREFERS_STRING_CATALOGS = YES;
				MTL_ENABLE_DEBUG_INFO = NO;
				MTL_FAST_MATH = YES;
				SDKROOT = iphoneos;
				SWIFT_COMPILATION_MODE = wholemodule;
				VALIDATE_PRODUCT = YES;
			};
			name = Release;
		};
		080072402BF6E7E3007B2956 /* Debug */ = {
			isa = XCBuildConfiguration;
			buildSettings = {
				ASSETCATALOG_COMPILER_APPICON_NAME = AppIcon;
				ASSETCATALOG_COMPILER_GLOBAL_ACCENT_COLOR_NAME = AccentColor;
				CODE_SIGN_STYLE = Automatic;
				CURRENT_PROJECT_VERSION = 1;
				DEVELOPMENT_ASSET_PATHS = "\"DeulLangNalLang/Preview Content\"";
				DEVELOPMENT_TEAM = 2Q4V2LFG28;
				ENABLE_PREVIEWS = YES;
				GENERATE_INFOPLIST_FILE = YES;
				INFOPLIST_FILE = DeulLangNalLang/Info.plist;
				INFOPLIST_KEY_UIApplicationSceneManifest_Generation = YES;
				INFOPLIST_KEY_UIApplicationSupportsIndirectInputEvents = YES;
				INFOPLIST_KEY_UILaunchScreen_Generation = YES;
				INFOPLIST_KEY_UISupportedInterfaceOrientations_iPad = "UIInterfaceOrientationPortrait UIInterfaceOrientationPortraitUpsideDown UIInterfaceOrientationLandscapeLeft UIInterfaceOrientationLandscapeRight";
				INFOPLIST_KEY_UISupportedInterfaceOrientations_iPhone = "UIInterfaceOrientationPortrait UIInterfaceOrientationLandscapeLeft UIInterfaceOrientationLandscapeRight";
				IPHONEOS_DEPLOYMENT_TARGET = 17.0;
				LD_RUNPATH_SEARCH_PATHS = (
					"$(inherited)",
					"@executable_path/Frameworks",
				);
				MARKETING_VERSION = 1.0;
				PRODUCT_BUNDLE_IDENTIFIER = com.jwc.DeulLangNalLang;
				PRODUCT_NAME = "$(TARGET_NAME)";
				SWIFT_EMIT_LOC_STRINGS = YES;
				SWIFT_VERSION = 5.0;
				TARGETED_DEVICE_FAMILY = "1,2";
			};
			name = Debug;
		};
		080072412BF6E7E3007B2956 /* Release */ = {
			isa = XCBuildConfiguration;
			buildSettings = {
				ASSETCATALOG_COMPILER_APPICON_NAME = AppIcon;
				ASSETCATALOG_COMPILER_GLOBAL_ACCENT_COLOR_NAME = AccentColor;
				CODE_SIGN_STYLE = Automatic;
				CURRENT_PROJECT_VERSION = 1;
				DEVELOPMENT_ASSET_PATHS = "\"DeulLangNalLang/Preview Content\"";
				DEVELOPMENT_TEAM = 2Q4V2LFG28;
				ENABLE_PREVIEWS = YES;
				GENERATE_INFOPLIST_FILE = YES;
				INFOPLIST_FILE = DeulLangNalLang/Info.plist;
				INFOPLIST_KEY_UIApplicationSceneManifest_Generation = YES;
				INFOPLIST_KEY_UIApplicationSupportsIndirectInputEvents = YES;
				INFOPLIST_KEY_UILaunchScreen_Generation = YES;
				INFOPLIST_KEY_UISupportedInterfaceOrientations_iPad = "UIInterfaceOrientationPortrait UIInterfaceOrientationPortraitUpsideDown UIInterfaceOrientationLandscapeLeft UIInterfaceOrientationLandscapeRight";
				INFOPLIST_KEY_UISupportedInterfaceOrientations_iPhone = "UIInterfaceOrientationPortrait UIInterfaceOrientationLandscapeLeft UIInterfaceOrientationLandscapeRight";
				IPHONEOS_DEPLOYMENT_TARGET = 17.0;
				LD_RUNPATH_SEARCH_PATHS = (
					"$(inherited)",
					"@executable_path/Frameworks",
				);
				MARKETING_VERSION = 1.0;
				PRODUCT_BUNDLE_IDENTIFIER = com.jwc.DeulLangNalLang;
				PRODUCT_NAME = "$(TARGET_NAME)";
				SWIFT_EMIT_LOC_STRINGS = YES;
				SWIFT_VERSION = 5.0;
				TARGETED_DEVICE_FAMILY = "1,2";
			};
			name = Release;
		};
/* End XCBuildConfiguration section */

/* Begin XCConfigurationList section */
		0800722C2BF6E7E1007B2956 /* Build configuration list for PBXProject "DeulLangNalLang" */ = {
			isa = XCConfigurationList;
			buildConfigurations = (
				0800723D2BF6E7E3007B2956 /* Debug */,
				0800723E2BF6E7E3007B2956 /* Release */,
			);
			defaultConfigurationIsVisible = 0;
			defaultConfigurationName = Release;
		};
		0800723F2BF6E7E3007B2956 /* Build configuration list for PBXNativeTarget "DeulLangNalLang" */ = {
			isa = XCConfigurationList;
			buildConfigurations = (
				080072402BF6E7E3007B2956 /* Debug */,
				080072412BF6E7E3007B2956 /* Release */,
			);
			defaultConfigurationIsVisible = 0;
			defaultConfigurationName = Release;
		};
/* End XCConfigurationList section */
	};
	rootObject = 080072292BF6E7E1007B2956 /* Project object */;
}
