// !$*UTF8*$!
{
	archiveVersion = 1;
	classes = {
	};
	objectVersion = 56;
	objects = {

/* Begin PBXBuildFile section */
		080072352BF6E7E2007B2956 /* DeulLangNalLangApp.swift in Sources */ = {isa = PBXBuildFile; fileRef = 080072342BF6E7E2007B2956 /* DeulLangNalLangApp.swift */; };
		080072372BF6E7E2007B2956 /* ContentView.swift in Sources */ = {isa = PBXBuildFile; fileRef = 080072362BF6E7E2007B2956 /* ContentView.swift */; };
		080072392BF6E7E3007B2956 /* Assets.xcassets in Resources */ = {isa = PBXBuildFile; fileRef = 080072382BF6E7E3007B2956 /* Assets.xcassets */; };
		0800723C2BF6E7E3007B2956 /* Preview Assets.xcassets in Resources */ = {isa = PBXBuildFile; fileRef = 0800723B2BF6E7E3007B2956 /* Preview Assets.xcassets */; };
		F16525F52BF8B23A0013C2CF /* TabBarView.swift in Sources */ = {isa = PBXBuildFile; fileRef = F16525F42BF8B23A0013C2CF /* TabBarView.swift */; };
		F16525F72BF8E2CD0013C2CF /* UserSwichView.swift in Sources */ = {isa = PBXBuildFile; fileRef = F16525F62BF8E2CD0013C2CF /* UserSwichView.swift */; };
		F16525FA2BF8E4A10013C2CF /* SectionTitleView.swift in Sources */ = {isa = PBXBuildFile; fileRef = F16525F92BF8E4A10013C2CF /* SectionTitleView.swift */; };
		F16525FC2BF8E4E20013C2CF /* SegmentedPickerView.swift in Sources */ = {isa = PBXBuildFile; fileRef = F16525FB2BF8E4E20013C2CF /* SegmentedPickerView.swift */; };
		F16525FE2BF8E52C0013C2CF /* TotalAwardsListView.swift in Sources */ = {isa = PBXBuildFile; fileRef = F16525FD2BF8E52C0013C2CF /* TotalAwardsListView.swift */; };
		F16526002BF8E54A0013C2CF /* LikedAwardsListView.swift in Sources */ = {isa = PBXBuildFile; fileRef = F16525FF2BF8E54A0013C2CF /* LikedAwardsListView.swift */; };
		F1DFB5542BF7D2D100AE18AC /* AwardMainView.swift in Sources */ = {isa = PBXBuildFile; fileRef = F1DFB5532BF7D2D100AE18AC /* AwardMainView.swift */; };
		F1DFB5562BF7D6ED00AE18AC /* CarouselView.swift in Sources */ = {isa = PBXBuildFile; fileRef = F1DFB5552BF7D6ED00AE18AC /* CarouselView.swift */; };
		F1DFB5582BF871AB00AE18AC /* AwardEmptyView.swift in Sources */ = {isa = PBXBuildFile; fileRef = F1DFB5572BF871AB00AE18AC /* AwardEmptyView.swift */; };
/* End PBXBuildFile section */

/* Begin PBXFileReference section */
		080072312BF6E7E2007B2956 /* DeulLangNalLang.app */ = {isa = PBXFileReference; explicitFileType = wrapper.application; includeInIndex = 0; path = DeulLangNalLang.app; sourceTree = BUILT_PRODUCTS_DIR; };
		080072342BF6E7E2007B2956 /* DeulLangNalLangApp.swift */ = {isa = PBXFileReference; lastKnownFileType = sourcecode.swift; path = DeulLangNalLangApp.swift; sourceTree = "<group>"; };
		080072362BF6E7E2007B2956 /* ContentView.swift */ = {isa = PBXFileReference; lastKnownFileType = sourcecode.swift; path = ContentView.swift; sourceTree = "<group>"; };
		080072382BF6E7E3007B2956 /* Assets.xcassets */ = {isa = PBXFileReference; lastKnownFileType = folder.assetcatalog; path = Assets.xcassets; sourceTree = "<group>"; };
		0800723B2BF6E7E3007B2956 /* Preview Assets.xcassets */ = {isa = PBXFileReference; lastKnownFileType = folder.assetcatalog; path = "Preview Assets.xcassets"; sourceTree = "<group>"; };
		F16525F42BF8B23A0013C2CF /* TabBarView.swift */ = {isa = PBXFileReference; lastKnownFileType = sourcecode.swift; path = TabBarView.swift; sourceTree = "<group>"; };
		F16525F62BF8E2CD0013C2CF /* UserSwichView.swift */ = {isa = PBXFileReference; lastKnownFileType = sourcecode.swift; path = UserSwichView.swift; sourceTree = "<group>"; };
		F16525F92BF8E4A10013C2CF /* SectionTitleView.swift */ = {isa = PBXFileReference; lastKnownFileType = sourcecode.swift; path = SectionTitleView.swift; sourceTree = "<group>"; };
		F16525FB2BF8E4E20013C2CF /* SegmentedPickerView.swift */ = {isa = PBXFileReference; lastKnownFileType = sourcecode.swift; path = SegmentedPickerView.swift; sourceTree = "<group>"; };
		F16525FD2BF8E52C0013C2CF /* TotalAwardsListView.swift */ = {isa = PBXFileReference; lastKnownFileType = sourcecode.swift; path = TotalAwardsListView.swift; sourceTree = "<group>"; };
		F16525FF2BF8E54A0013C2CF /* LikedAwardsListView.swift */ = {isa = PBXFileReference; lastKnownFileType = sourcecode.swift; path = LikedAwardsListView.swift; sourceTree = "<group>"; };
		F1DFB5532BF7D2D100AE18AC /* AwardMainView.swift */ = {isa = PBXFileReference; lastKnownFileType = sourcecode.swift; path = AwardMainView.swift; sourceTree = "<group>"; };
		F1DFB5552BF7D6ED00AE18AC /* CarouselView.swift */ = {isa = PBXFileReference; lastKnownFileType = sourcecode.swift; path = CarouselView.swift; sourceTree = "<group>"; };
		F1DFB5572BF871AB00AE18AC /* AwardEmptyView.swift */ = {isa = PBXFileReference; lastKnownFileType = sourcecode.swift; path = AwardEmptyView.swift; sourceTree = "<group>"; };
/* End PBXFileReference section */

/* Begin PBXFrameworksBuildPhase section */
		0800722E2BF6E7E1007B2956 /* Frameworks */ = {
			isa = PBXFrameworksBuildPhase;
			buildActionMask = 2147483647;
			files = (
			);
			runOnlyForDeploymentPostprocessing = 0;
		};
/* End PBXFrameworksBuildPhase section */

/* Begin PBXGroup section */
		080072282BF6E7E1007B2956 = {
			isa = PBXGroup;
			children = (
				080072332BF6E7E2007B2956 /* DeulLangNalLang */,
				080072322BF6E7E2007B2956 /* Products */,
			);
			sourceTree = "<group>";
		};
		080072322BF6E7E2007B2956 /* Products */ = {
			isa = PBXGroup;
			children = (
				080072312BF6E7E2007B2956 /* DeulLangNalLang.app */,
			);
			name = Products;
			sourceTree = "<group>";
		};
		080072332BF6E7E2007B2956 /* DeulLangNalLang */ = {
			isa = PBXGroup;
			children = (
				080072342BF6E7E2007B2956 /* DeulLangNalLangApp.swift */,
				080072362BF6E7E2007B2956 /* ContentView.swift */,
				F16525F42BF8B23A0013C2CF /* TabBarView.swift */,
				F16525F82BF8E2E90013C2CF /* Awards */,
				080072382BF6E7E3007B2956 /* Assets.xcassets */,
				0800723A2BF6E7E3007B2956 /* Preview Content */,
			);
			path = DeulLangNalLang;
			sourceTree = "<group>";
		};
		0800723A2BF6E7E3007B2956 /* Preview Content */ = {
			isa = PBXGroup;
			children = (
				0800723B2BF6E7E3007B2956 /* Preview Assets.xcassets */,
			);
			path = "Preview Content";
			sourceTree = "<group>";
		};
		F16525F82BF8E2E90013C2CF /* Awards */ = {
			isa = PBXGroup;
			children = (
				F16525F62BF8E2CD0013C2CF /* UserSwichView.swift */,
				F16525F92BF8E4A10013C2CF /* SectionTitleView.swift */,
				F16526022BF8E5600013C2CF /* Empty */,
				F16526012BF8E5590013C2CF /* TopMain */,
				F16526032BF8E5900013C2CF /* BottomMain */,
			);
			path = Awards;
			sourceTree = "<group>";
		};
		F16526012BF8E5590013C2CF /* TopMain */ = {
			isa = PBXGroup;
			children = (
				F1DFB5552BF7D6ED00AE18AC /* CarouselView.swift */,
				F1DFB5532BF7D2D100AE18AC /* AwardMainView.swift */,
			);
			path = TopMain;
			sourceTree = "<group>";
		};
		F16526022BF8E5600013C2CF /* Empty */ = {
			isa = PBXGroup;
			children = (
				F1DFB5572BF871AB00AE18AC /* AwardEmptyView.swift */,
			);
			path = Empty;
			sourceTree = "<group>";
		};
		F16526032BF8E5900013C2CF /* BottomMain */ = {
			isa = PBXGroup;
			children = (
				F16525FB2BF8E4E20013C2CF /* SegmentedPickerView.swift */,
				F16525FD2BF8E52C0013C2CF /* TotalAwardsListView.swift */,
				F16525FF2BF8E54A0013C2CF /* LikedAwardsListView.swift */,
			);
			path = BottomMain;
			sourceTree = "<group>";
		};
/* End PBXGroup section */

/* Begin PBXNativeTarget section */
		080072302BF6E7E1007B2956 /* DeulLangNalLang */ = {
			isa = PBXNativeTarget;
			buildConfigurationList = 0800723F2BF6E7E3007B2956 /* Build configuration list for PBXNativeTarget "DeulLangNalLang" */;
			buildPhases = (
				0800722D2BF6E7E1007B2956 /* Sources */,
				0800722E2BF6E7E1007B2956 /* Frameworks */,
				0800722F2BF6E7E1007B2956 /* Resources */,
			);
			buildRules = (
			);
			dependencies = (
			);
			name = DeulLangNalLang;
			productName = DeulLangNalLang;
			productReference = 080072312BF6E7E2007B2956 /* DeulLangNalLang.app */;
			productType = "com.apple.product-type.application";
		};
/* End PBXNativeTarget section */

/* Begin PBXProject section */
		080072292BF6E7E1007B2956 /* Project object */ = {
			isa = PBXProject;
			attributes = {
				BuildIndependentTargetsInParallel = 1;
				LastSwiftUpdateCheck = 1540;
				LastUpgradeCheck = 1540;
				TargetAttributes = {
					080072302BF6E7E1007B2956 = {
						CreatedOnToolsVersion = 15.4;
					};
				};
			};
			buildConfigurationList = 0800722C2BF6E7E1007B2956 /* Build configuration list for PBXProject "DeulLangNalLang" */;
			compatibilityVersion = "Xcode 14.0";
			developmentRegion = en;
			hasScannedForEncodings = 0;
			knownRegions = (
				en,
				Base,
			);
			mainGroup = 080072282BF6E7E1007B2956;
			productRefGroup = 080072322BF6E7E2007B2956 /* Products */;
			projectDirPath = "";
			projectRoot = "";
			targets = (
				080072302BF6E7E1007B2956 /* DeulLangNalLang */,
			);
		};
/* End PBXProject section */

/* Begin PBXResourcesBuildPhase section */
		0800722F2BF6E7E1007B2956 /* Resources */ = {
			isa = PBXResourcesBuildPhase;
			buildActionMask = 2147483647;
			files = (
				0800723C2BF6E7E3007B2956 /* Preview Assets.xcassets in Resources */,
				080072392BF6E7E3007B2956 /* Assets.xcassets in Resources */,
			);
			runOnlyForDeploymentPostprocessing = 0;
		};
/* End PBXResourcesBuildPhase section */

/* Begin PBXSourcesBuildPhase section */
		0800722D2BF6E7E1007B2956 /* Sources */ = {
			isa = PBXSourcesBuildPhase;
			buildActionMask = 2147483647;
			files = (
				F1DFB5582BF871AB00AE18AC /* AwardEmptyView.swift in Sources */,
				F1DFB5542BF7D2D100AE18AC /* AwardMainView.swift in Sources */,
				F16525FC2BF8E4E20013C2CF /* SegmentedPickerView.swift in Sources */,
				F16526002BF8E54A0013C2CF /* LikedAwardsListView.swift in Sources */,
				F16525F72BF8E2CD0013C2CF /* UserSwichView.swift in Sources */,
				F16525FA2BF8E4A10013C2CF /* SectionTitleView.swift in Sources */,
				F16525FE2BF8E52C0013C2CF /* TotalAwardsListView.swift in Sources */,
				080072372BF6E7E2007B2956 /* ContentView.swift in Sources */,
				F1DFB5562BF7D6ED00AE18AC /* CarouselView.swift in Sources */,
				F16525F52BF8B23A0013C2CF /* TabBarView.swift in Sources */,
				080072352BF6E7E2007B2956 /* DeulLangNalLangApp.swift in Sources */,
			);
			runOnlyForDeploymentPostprocessing = 0;
		};
/* End PBXSourcesBuildPhase section */

/* Begin XCBuildConfiguration section */
		0800723D2BF6E7E3007B2956 /* Debug */ = {
			isa = XCBuildConfiguration;
			buildSettings = {
				ALWAYS_SEARCH_USER_PATHS = NO;
				ASSETCATALOG_COMPILER_GENERATE_SWIFT_ASSET_SYMBOL_EXTENSIONS = YES;
				CLANG_ANALYZER_NONNULL = YES;
				CLANG_ANALYZER_NUMBER_OBJECT_CONVERSION = YES_AGGRESSIVE;
				CLANG_CXX_LANGUAGE_STANDARD = "gnu++20";
				CLANG_ENABLE_MODULES = YES;
				CLANG_ENABLE_OBJC_ARC = YES;
				CLANG_ENABLE_OBJC_WEAK = YES;
				CLANG_WARN_BLOCK_CAPTURE_AUTORELEASING = YES;
				CLANG_WARN_BOOL_CONVERSION = YES;
				CLANG_WARN_COMMA = YES;
				CLANG_WARN_CONSTANT_CONVERSION = YES;
				CLANG_WARN_DEPRECATED_OBJC_IMPLEMENTATIONS = YES;
				CLANG_WARN_DIRECT_OBJC_ISA_USAGE = YES_ERROR;
				CLANG_WARN_DOCUMENTATION_COMMENTS = YES;
				CLANG_WARN_EMPTY_BODY = YES;
				CLANG_WARN_ENUM_CONVERSION = YES;
				CLANG_WARN_INFINITE_RECURSION = YES;
				CLANG_WARN_INT_CONVERSION = YES;
				CLANG_WARN_NON_LITERAL_NULL_CONVERSION = YES;
				CLANG_WARN_OBJC_IMPLICIT_RETAIN_SELF = YES;
				CLANG_WARN_OBJC_LITERAL_CONVERSION = YES;
				CLANG_WARN_OBJC_ROOT_CLASS = YES_ERROR;
				CLANG_WARN_QUOTED_INCLUDE_IN_FRAMEWORK_HEADER = YES;
				CLANG_WARN_RANGE_LOOP_ANALYSIS = YES;
				CLANG_WARN_STRICT_PROTOTYPES = YES;
				CLANG_WARN_SUSPICIOUS_MOVE = YES;
				CLANG_WARN_UNGUARDED_AVAILABILITY = YES_AGGRESSIVE;
				CLANG_WARN_UNREACHABLE_CODE = YES;
				CLANG_WARN__DUPLICATE_METHOD_MATCH = YES;
				COPY_PHASE_STRIP = NO;
				DEBUG_INFORMATION_FORMAT = dwarf;
				ENABLE_STRICT_OBJC_MSGSEND = YES;
				ENABLE_TESTABILITY = YES;
				ENABLE_USER_SCRIPT_SANDBOXING = YES;
				GCC_C_LANGUAGE_STANDARD = gnu17;
				GCC_DYNAMIC_NO_PIC = NO;
				GCC_NO_COMMON_BLOCKS = YES;
				GCC_OPTIMIZATION_LEVEL = 0;
				GCC_PREPROCESSOR_DEFINITIONS = (
					"DEBUG=1",
					"$(inherited)",
				);
				GCC_WARN_64_TO_32_BIT_CONVERSION = YES;
				GCC_WARN_ABOUT_RETURN_TYPE = YES_ERROR;
				GCC_WARN_UNDECLARED_SELECTOR = YES;
				GCC_WARN_UNINITIALIZED_AUTOS = YES_AGGRESSIVE;
				GCC_WARN_UNUSED_FUNCTION = YES;
				GCC_WARN_UNUSED_VARIABLE = YES;
				IPHONEOS_DEPLOYMENT_TARGET = 17.5;
				LOCALIZATION_PREFERS_STRING_CATALOGS = YES;
				MTL_ENABLE_DEBUG_INFO = INCLUDE_SOURCE;
				MTL_FAST_MATH = YES;
				ONLY_ACTIVE_ARCH = YES;
				SDKROOT = iphoneos;
				SWIFT_ACTIVE_COMPILATION_CONDITIONS = "DEBUG $(inherited)";
				SWIFT_OPTIMIZATION_LEVEL = "-Onone";
			};
			name = Debug;
		};
		0800723E2BF6E7E3007B2956 /* Release */ = {
			isa = XCBuildConfiguration;
			buildSettings = {
				ALWAYS_SEARCH_USER_PATHS = NO;
				ASSETCATALOG_COMPILER_GENERATE_SWIFT_ASSET_SYMBOL_EXTENSIONS = YES;
				CLANG_ANALYZER_NONNULL = YES;
				CLANG_ANALYZER_NUMBER_OBJECT_CONVERSION = YES_AGGRESSIVE;
				CLANG_CXX_LANGUAGE_STANDARD = "gnu++20";
				CLANG_ENABLE_MODULES = YES;
				CLANG_ENABLE_OBJC_ARC = YES;
				CLANG_ENABLE_OBJC_WEAK = YES;
				CLANG_WARN_BLOCK_CAPTURE_AUTORELEASING = YES;
				CLANG_WARN_BOOL_CONVERSION = YES;
				CLANG_WARN_COMMA = YES;
				CLANG_WARN_CONSTANT_CONVERSION = YES;
				CLANG_WARN_DEPRECATED_OBJC_IMPLEMENTATIONS = YES;
				CLANG_WARN_DIRECT_OBJC_ISA_USAGE = YES_ERROR;
				CLANG_WARN_DOCUMENTATION_COMMENTS = YES;
				CLANG_WARN_EMPTY_BODY = YES;
				CLANG_WARN_ENUM_CONVERSION = YES;
				CLANG_WARN_INFINITE_RECURSION = YES;
				CLANG_WARN_INT_CONVERSION = YES;
				CLANG_WARN_NON_LITERAL_NULL_CONVERSION = YES;
				CLANG_WARN_OBJC_IMPLICIT_RETAIN_SELF = YES;
				CLANG_WARN_OBJC_LITERAL_CONVERSION = YES;
				CLANG_WARN_OBJC_ROOT_CLASS = YES_ERROR;
				CLANG_WARN_QUOTED_INCLUDE_IN_FRAMEWORK_HEADER = YES;
				CLANG_WARN_RANGE_LOOP_ANALYSIS = YES;
				CLANG_WARN_STRICT_PROTOTYPES = YES;
				CLANG_WARN_SUSPICIOUS_MOVE = YES;
				CLANG_WARN_UNGUARDED_AVAILABILITY = YES_AGGRESSIVE;
				CLANG_WARN_UNREACHABLE_CODE = YES;
				CLANG_WARN__DUPLICATE_METHOD_MATCH = YES;
				COPY_PHASE_STRIP = NO;
				DEBUG_INFORMATION_FORMAT = "dwarf-with-dsym";
				ENABLE_NS_ASSERTIONS = NO;
				ENABLE_STRICT_OBJC_MSGSEND = YES;
				ENABLE_USER_SCRIPT_SANDBOXING = YES;
				GCC_C_LANGUAGE_STANDARD = gnu17;
				GCC_NO_COMMON_BLOCKS = YES;
				GCC_WARN_64_TO_32_BIT_CONVERSION = YES;
				GCC_WARN_ABOUT_RETURN_TYPE = YES_ERROR;
				GCC_WARN_UNDECLARED_SELECTOR = YES;
				GCC_WARN_UNINITIALIZED_AUTOS = YES_AGGRESSIVE;
				GCC_WARN_UNUSED_FUNCTION = YES;
				GCC_WARN_UNUSED_VARIABLE = YES;
				IPHONEOS_DEPLOYMENT_TARGET = 17.5;
				LOCALIZATION_PREFERS_STRING_CATALOGS = YES;
				MTL_ENABLE_DEBUG_INFO = NO;
				MTL_FAST_MATH = YES;
				SDKROOT = iphoneos;
				SWIFT_COMPILATION_MODE = wholemodule;
				VALIDATE_PRODUCT = YES;
			};
			name = Release;
		};
		080072402BF6E7E3007B2956 /* Debug */ = {
			isa = XCBuildConfiguration;
			buildSettings = {
				ASSETCATALOG_COMPILER_APPICON_NAME = AppIcon;
				ASSETCATALOG_COMPILER_GLOBAL_ACCENT_COLOR_NAME = AccentColor;
				CODE_SIGN_STYLE = Automatic;
				CURRENT_PROJECT_VERSION = 1;
				DEVELOPMENT_ASSET_PATHS = "\"DeulLangNalLang/Preview Content\"";
				DEVELOPMENT_TEAM = 2Q4V2LFG28;
				ENABLE_PREVIEWS = YES;
				GENERATE_INFOPLIST_FILE = YES;
				INFOPLIST_KEY_UIApplicationSceneManifest_Generation = YES;
				INFOPLIST_KEY_UIApplicationSupportsIndirectInputEvents = YES;
				INFOPLIST_KEY_UILaunchScreen_Generation = YES;
				INFOPLIST_KEY_UISupportedInterfaceOrientations_iPad = "UIInterfaceOrientationPortrait UIInterfaceOrientationPortraitUpsideDown UIInterfaceOrientationLandscapeLeft UIInterfaceOrientationLandscapeRight";
				INFOPLIST_KEY_UISupportedInterfaceOrientations_iPhone = "UIInterfaceOrientationPortrait UIInterfaceOrientationLandscapeLeft UIInterfaceOrientationLandscapeRight";
				LD_RUNPATH_SEARCH_PATHS = (
					"$(inherited)",
					"@executable_path/Frameworks",
				);
				MARKETING_VERSION = 1.0;
				PRODUCT_BUNDLE_IDENTIFIER = com.jwc.DeulLangNalLang;
				PRODUCT_NAME = "$(TARGET_NAME)";
				SWIFT_EMIT_LOC_STRINGS = YES;
				SWIFT_VERSION = 5.0;
				TARGETED_DEVICE_FAMILY = "1,2";
			};
			name = Debug;
		};
		080072412BF6E7E3007B2956 /* Release */ = {
			isa = XCBuildConfiguration;
			buildSettings = {
				ASSETCATALOG_COMPILER_APPICON_NAME = AppIcon;
				ASSETCATALOG_COMPILER_GLOBAL_ACCENT_COLOR_NAME = AccentColor;
				CODE_SIGN_STYLE = Automatic;
				CURRENT_PROJECT_VERSION = 1;
				DEVELOPMENT_ASSET_PATHS = "\"DeulLangNalLang/Preview Content\"";
				DEVELOPMENT_TEAM = 2Q4V2LFG28;
				ENABLE_PREVIEWS = YES;
				GENERATE_INFOPLIST_FILE = YES;
				INFOPLIST_KEY_UIApplicationSceneManifest_Generation = YES;
				INFOPLIST_KEY_UIApplicationSupportsIndirectInputEvents = YES;
				INFOPLIST_KEY_UILaunchScreen_Generation = YES;
				INFOPLIST_KEY_UISupportedInterfaceOrientations_iPad = "UIInterfaceOrientationPortrait UIInterfaceOrientationPortraitUpsideDown UIInterfaceOrientationLandscapeLeft UIInterfaceOrientationLandscapeRight";
				INFOPLIST_KEY_UISupportedInterfaceOrientations_iPhone = "UIInterfaceOrientationPortrait UIInterfaceOrientationLandscapeLeft UIInterfaceOrientationLandscapeRight";
				LD_RUNPATH_SEARCH_PATHS = (
					"$(inherited)",
					"@executable_path/Frameworks",
				);
				MARKETING_VERSION = 1.0;
				PRODUCT_BUNDLE_IDENTIFIER = com.jwc.DeulLangNalLang;
				PRODUCT_NAME = "$(TARGET_NAME)";
				SWIFT_EMIT_LOC_STRINGS = YES;
				SWIFT_VERSION = 5.0;
				TARGETED_DEVICE_FAMILY = "1,2";
			};
			name = Release;
		};
/* End XCBuildConfiguration section */

/* Begin XCConfigurationList section */
		0800722C2BF6E7E1007B2956 /* Build configuration list for PBXProject "DeulLangNalLang" */ = {
			isa = XCConfigurationList;
			buildConfigurations = (
				0800723D2BF6E7E3007B2956 /* Debug */,
				0800723E2BF6E7E3007B2956 /* Release */,
			);
			defaultConfigurationIsVisible = 0;
			defaultConfigurationName = Release;
		};
		0800723F2BF6E7E3007B2956 /* Build configuration list for PBXNativeTarget "DeulLangNalLang" */ = {
			isa = XCConfigurationList;
			buildConfigurations = (
				080072402BF6E7E3007B2956 /* Debug */,
				080072412BF6E7E3007B2956 /* Release */,
			);
			defaultConfigurationIsVisible = 0;
			defaultConfigurationName = Release;
		};
/* End XCConfigurationList section */
	};
	rootObject = 080072292BF6E7E1007B2956 /* Project object */;
}
